
Microsoft Visual Studio Solution File, Format Version 12.00
# Visual Studio 15
VisualStudioVersion = 15.0.28307.1259
MinimumVisualStudioVersion = 10.0.40219.1
Project("{F184B08F-C81C-45F6-A57F-5ABD9991F28F}") = "Storage analysis", "Storage analysis\Storage analysis.vbproj", "{A508DC65-D6AF-4500-9A2A-BFCF7DC8ED15}"
EndProject
Project("{54435603-DBB4-11D2-8724-00A0C9A8B90C}") = "Setup", "Setup\Setup.vdproj", "{380A4838-754B-4EAA-B6BB-A7FE55998AA1}"
EndProject
Global
	GlobalSection(SolutionConfigurationPlatforms) = preSolution
		Debug|Any CPU = Debug|Any CPU
		Release|Any CPU = Release|Any CPU
	EndGlobalSection
	GlobalSection(ProjectConfigurationPlatforms) = postSolution
		{A508DC65-D6AF-4500-9A2A-BFCF7DC8ED15}.Debug|Any CPU.ActiveCfg = Debug|Any CPU
		{A508DC65-D6AF-4500-9A2A-BFCF7DC8ED15}.Debug|Any CPU.Build.0 = Debug|Any CPU
		{A508DC65-D6AF-4500-9A2A-BFCF7DC8ED15}.Release|Any CPU.ActiveCfg = Release|Any CPU
		{A508DC65-D6AF-4500-9A2A-BFCF7DC8ED15}.Release|Any CPU.Build.0 = Release|Any CPU
		{380A4838-754B-4EAA-B6BB-A7FE55998AA1}.Debug|Any CPU.ActiveCfg = Debug
		{380A4838-754B-4EAA-B6BB-A7FE55998AA1}.Release|Any CPU.ActiveCfg = Release
	EndGlobalSection
	GlobalSection(SolutionProperties) = preSolution
		HideSolutionNode = FALSE
	EndGlobalSection
	GlobalSection(ExtensibilityGlobals) = postSolution
		SolutionGuid = {6D715D77-3459-4A83-9CBC-443D8D8E3D81}
	EndGlobalSection
EndGlobal
