Microsoft Visual Studio Solution File, Format Version 12.00
# Visual Studio 15
VisualStudioVersion = 15.0.28307.1259
MinimumVisualStudioVersion = 10.0.40219.1
Project("{FAE04EC0-301F-11D3-BF4B-00C04F79EFBC}") = "DiskInfo", "DiskInfo.csproj", "{AE9531A1-0B8E-40E7-AC25-1E0A227216A9}"
EndProject
Global
	GlobalSection(SolutionConfigurationPlatforms) = preSolution
		Debug|Any CPU = Debug|Any CPU
		Release|Any CPU = Release|Any CPU
	EndGlobalSection
	GlobalSection(ProjectConfigurationPlatforms) = postSolution
		{AE9531A1-0B8E-40E7-AC25-1E0A227216A9}.Debug|Any CPU.ActiveCfg = Debug|Any CPU
		{AE9531A1-0B8E-40E7-AC25-1E0A227216A9}.Debug|Any CPU.Build.0 = Debug|Any CPU
		{AE9531A1-0B8E-40E7-AC25-1E0A227216A9}.Release|Any CPU.ActiveCfg = Release|Any CPU
		{AE9531A1-0B8E-40E7-AC25-1E0A227216A9}.Release|Any CPU.Build.0 = Release|Any CPU
	EndGlobalSection
	GlobalSection(SolutionProperties) = preSolution
		HideSolutionNode = FALSE
	EndGlobalSection
	GlobalSection(ExtensibilityGlobals) = postSolution
		SolutionGuid = {AF12B1B1-906C-44E8-9089-BE1C9CA7E403}
	EndGlobalSection
EndGlobal
